
Microsoft Visual Studio Solution File, Format Version 12.00
# Visual Studio 15
VisualStudioVersion = 15.0.26730.10
MinimumVisualStudioVersion = 10.0.40219.1
Project("{2150E333-8FDC-42A3-9474-1A3956D46DE8}") = "Sort", "Sort", "{C36B8BF5-0AD4-443C-B996-A48768CE404D}"
EndProject
Project("{FAE04EC0-301F-11D3-BF4B-00C04F79EFBC}") = "SelectionSort", "SelectionSort\SelectionSort.csproj", "{1C3302D8-5F31-426E-94A5-6AD80BE0C7BC}"
EndProject
Project("{FAE04EC0-301F-11D3-BF4B-00C04F79EFBC}") = "InsertionSort", "InsertionSort\InsertionSort.csproj", "{3340BC9D-89AA-4792-A9D0-2F9E3A70E27A}"
EndProject
Project("{FAE04EC0-301F-11D3-BF4B-00C04F79EFBC}") = "BubbleSort", "BubbleSort\BubbleSort.csproj", "{CA8FF1B4-5E08-405F-87F0-7C3D22B309E0}"
EndProject
Project("{FAE04EC0-301F-11D3-BF4B-00C04F79EFBC}") = "QuickSort", "QuickSort\QuickSort.csproj", "{6B8E605B-7B25-47A0-8C68-0E42BBAA084B}"
EndProject
Project("{FAE04EC0-301F-11D3-BF4B-00C04F79EFBC}") = "MergeSort", "MergeSort\MergeSort.csproj", "{10C72C8F-2B3D-4FA0-875F-554C89C42704}"
EndProject
Project("{FAE04EC0-301F-11D3-BF4B-00C04F79EFBC}") = "TreeSort", "TreeSort\TreeSort.csproj", "{95A6D12C-F7DB-400B-B09C-7967EA9EE6DE}"
EndProject
Project("{FAE04EC0-301F-11D3-BF4B-00C04F79EFBC}") = "HeapSort", "HeapSort\HeapSort.csproj", "{2043E816-4ADE-4321-98D6-943CE7754760}"
EndProject
Project("{FAE04EC0-301F-11D3-BF4B-00C04F79EFBC}") = "ShellSort", "ShellSort\ShellSort.csproj", "{27D26CEC-EB19-496A-84DC-71DCF521DD60}"
EndProject
Project("{FAE04EC0-301F-11D3-BF4B-00C04F79EFBC}") = "SmoothSort", "SmoothSort\SmoothSort.csproj", "{5E483AE5-5EF0-4665-B95C-A945A95474C7}"
EndProject
Project("{FAE04EC0-301F-11D3-BF4B-00C04F79EFBC}") = "BucketSort", "BucketSort\BucketSort.csproj", "{CC1B1080-9838-4803-8E71-2F0FE0961DFD}"
EndProject
Global
	GlobalSection(SolutionConfigurationPlatforms) = preSolution
		Debug|Any CPU = Debug|Any CPU
		Release|Any CPU = Release|Any CPU
	EndGlobalSection
	GlobalSection(ProjectConfigurationPlatforms) = postSolution
		{1C3302D8-5F31-426E-94A5-6AD80BE0C7BC}.Debug|Any CPU.ActiveCfg = Debug|Any CPU
		{1C3302D8-5F31-426E-94A5-6AD80BE0C7BC}.Debug|Any CPU.Build.0 = Debug|Any CPU
		{1C3302D8-5F31-426E-94A5-6AD80BE0C7BC}.Release|Any CPU.ActiveCfg = Release|Any CPU
		{1C3302D8-5F31-426E-94A5-6AD80BE0C7BC}.Release|Any CPU.Build.0 = Release|Any CPU
		{3340BC9D-89AA-4792-A9D0-2F9E3A70E27A}.Debug|Any CPU.ActiveCfg = Debug|Any CPU
		{3340BC9D-89AA-4792-A9D0-2F9E3A70E27A}.Debug|Any CPU.Build.0 = Debug|Any CPU
		{3340BC9D-89AA-4792-A9D0-2F9E3A70E27A}.Release|Any CPU.ActiveCfg = Release|Any CPU
		{3340BC9D-89AA-4792-A9D0-2F9E3A70E27A}.Release|Any CPU.Build.0 = Release|Any CPU
		{CA8FF1B4-5E08-405F-87F0-7C3D22B309E0}.Debug|Any CPU.ActiveCfg = Debug|Any CPU
		{CA8FF1B4-5E08-405F-87F0-7C3D22B309E0}.Debug|Any CPU.Build.0 = Debug|Any CPU
		{CA8FF1B4-5E08-405F-87F0-7C3D22B309E0}.Release|Any CPU.ActiveCfg = Release|Any CPU
		{CA8FF1B4-5E08-405F-87F0-7C3D22B309E0}.Release|Any CPU.Build.0 = Release|Any CPU
		{6B8E605B-7B25-47A0-8C68-0E42BBAA084B}.Debug|Any CPU.ActiveCfg = Debug|Any CPU
		{6B8E605B-7B25-47A0-8C68-0E42BBAA084B}.Debug|Any CPU.Build.0 = Debug|Any CPU
		{6B8E605B-7B25-47A0-8C68-0E42BBAA084B}.Release|Any CPU.ActiveCfg = Release|Any CPU
		{6B8E605B-7B25-47A0-8C68-0E42BBAA084B}.Release|Any CPU.Build.0 = Release|Any CPU
		{10C72C8F-2B3D-4FA0-875F-554C89C42704}.Debug|Any CPU.ActiveCfg = Debug|Any CPU
		{10C72C8F-2B3D-4FA0-875F-554C89C42704}.Debug|Any CPU.Build.0 = Debug|Any CPU
		{10C72C8F-2B3D-4FA0-875F-554C89C42704}.Release|Any CPU.ActiveCfg = Release|Any CPU
		{10C72C8F-2B3D-4FA0-875F-554C89C42704}.Release|Any CPU.Build.0 = Release|Any CPU
		{95A6D12C-F7DB-400B-B09C-7967EA9EE6DE}.Debug|Any CPU.ActiveCfg = Debug|Any CPU
		{95A6D12C-F7DB-400B-B09C-7967EA9EE6DE}.Debug|Any CPU.Build.0 = Debug|Any CPU
		{95A6D12C-F7DB-400B-B09C-7967EA9EE6DE}.Release|Any CPU.ActiveCfg = Release|Any CPU
		{95A6D12C-F7DB-400B-B09C-7967EA9EE6DE}.Release|Any CPU.Build.0 = Release|Any CPU
		{2043E816-4ADE-4321-98D6-943CE7754760}.Debug|Any CPU.ActiveCfg = Debug|Any CPU
		{2043E816-4ADE-4321-98D6-943CE7754760}.Debug|Any CPU.Build.0 = Debug|Any CPU
		{2043E816-4ADE-4321-98D6-943CE7754760}.Release|Any CPU.ActiveCfg = Release|Any CPU
		{2043E816-4ADE-4321-98D6-943CE7754760}.Release|Any CPU.Build.0 = Release|Any CPU
		{27D26CEC-EB19-496A-84DC-71DCF521DD60}.Debug|Any CPU.ActiveCfg = Debug|Any CPU
		{27D26CEC-EB19-496A-84DC-71DCF521DD60}.Debug|Any CPU.Build.0 = Debug|Any CPU
		{27D26CEC-EB19-496A-84DC-71DCF521DD60}.Release|Any CPU.ActiveCfg = Release|Any CPU
		{27D26CEC-EB19-496A-84DC-71DCF521DD60}.Release|Any CPU.Build.0 = Release|Any CPU
		{5E483AE5-5EF0-4665-B95C-A945A95474C7}.Debug|Any CPU.ActiveCfg = Debug|Any CPU
		{5E483AE5-5EF0-4665-B95C-A945A95474C7}.Debug|Any CPU.Build.0 = Debug|Any CPU
		{5E483AE5-5EF0-4665-B95C-A945A95474C7}.Release|Any CPU.ActiveCfg = Release|Any CPU
		{5E483AE5-5EF0-4665-B95C-A945A95474C7}.Release|Any CPU.Build.0 = Release|Any CPU
		{CC1B1080-9838-4803-8E71-2F0FE0961DFD}.Debug|Any CPU.ActiveCfg = Debug|Any CPU
		{CC1B1080-9838-4803-8E71-2F0FE0961DFD}.Debug|Any CPU.Build.0 = Debug|Any CPU
		{CC1B1080-9838-4803-8E71-2F0FE0961DFD}.Release|Any CPU.ActiveCfg = Release|Any CPU
		{CC1B1080-9838-4803-8E71-2F0FE0961DFD}.Release|Any CPU.Build.0 = Release|Any CPU
	EndGlobalSection
	GlobalSection(SolutionProperties) = preSolution
		HideSolutionNode = FALSE
	EndGlobalSection
	GlobalSection(NestedProjects) = preSolution
		{1C3302D8-5F31-426E-94A5-6AD80BE0C7BC} = {C36B8BF5-0AD4-443C-B996-A48768CE404D}
		{3340BC9D-89AA-4792-A9D0-2F9E3A70E27A} = {C36B8BF5-0AD4-443C-B996-A48768CE404D}
		{CA8FF1B4-5E08-405F-87F0-7C3D22B309E0} = {C36B8BF5-0AD4-443C-B996-A48768CE404D}
		{6B8E605B-7B25-47A0-8C68-0E42BBAA084B} = {C36B8BF5-0AD4-443C-B996-A48768CE404D}
		{10C72C8F-2B3D-4FA0-875F-554C89C42704} = {C36B8BF5-0AD4-443C-B996-A48768CE404D}
		{95A6D12C-F7DB-400B-B09C-7967EA9EE6DE} = {C36B8BF5-0AD4-443C-B996-A48768CE404D}
		{2043E816-4ADE-4321-98D6-943CE7754760} = {C36B8BF5-0AD4-443C-B996-A48768CE404D}
		{27D26CEC-EB19-496A-84DC-71DCF521DD60} = {C36B8BF5-0AD4-443C-B996-A48768CE404D}
		{5E483AE5-5EF0-4665-B95C-A945A95474C7} = {C36B8BF5-0AD4-443C-B996-A48768CE404D}
		{CC1B1080-9838-4803-8E71-2F0FE0961DFD} = {C36B8BF5-0AD4-443C-B996-A48768CE404D}
	EndGlobalSection
	GlobalSection(ExtensibilityGlobals) = postSolution
		SolutionGuid = {EFE8DFAA-2C95-42BB-9F77-72D7943A80AD}
	EndGlobalSection
EndGlobal
